// !$*UTF8*$!
{
	archiveVersion = 1;
	classes = {
	};
	objectVersion = 46;
	objects = {

/* Begin PBXBuildFile section */
		446D47E71F7ED773002FF118 /* AppDelegate.swift in Sources */ = {isa = PBXBuildFile; fileRef = 446D47E61F7ED773002FF118 /* AppDelegate.swift */; };
		446D47E91F7ED773002FF118 /* ViewController.swift in Sources */ = {isa = PBXBuildFile; fileRef = 446D47E81F7ED773002FF118 /* ViewController.swift */; };
		446D47EC1F7ED773002FF118 /* Main.storyboard in Resources */ = {isa = PBXBuildFile; fileRef = 446D47EA1F7ED773002FF118 /* Main.storyboard */; };
		446D47EE1F7ED773002FF118 /* Assets.xcassets in Resources */ = {isa = PBXBuildFile; fileRef = 446D47ED1F7ED773002FF118 /* Assets.xcassets */; };
		446D47F11F7ED773002FF118 /* LaunchScreen.storyboard in Resources */ = {isa = PBXBuildFile; fileRef = 446D47EF1F7ED773002FF118 /* LaunchScreen.storyboard */; };
/* End PBXBuildFile section */

/* Begin PBXFileReference section */
		446D47E31F7ED773002FF118 /* JamesDemo.app */ = {isa = PBXFileReference; explicitFileType = wrapper.application; includeInIndex = 0; path = JamesDemo.app; sourceTree = BUILT_PRODUCTS_DIR; };
		446D47E61F7ED773002FF118 /* AppDelegate.swift */ = {isa = PBXFileReference; lastKnownFileType = sourcecode.swift; path = AppDelegate.swift; sourceTree = "<group>"; };
		446D47E81F7ED773002FF118 /* ViewController.swift */ = {isa = PBXFileReference; lastKnownFileType = sourcecode.swift; path = ViewController.swift; sourceTree = "<group>"; };
		446D47EB1F7ED773002FF118 /* Base */ = {isa = PBXFileReference; lastKnownFileType = file.storyboard; name = Base; path = Base.lproj/Main.storyboard; sourceTree = "<group>"; };
		446D47ED1F7ED773002FF118 /* Assets.xcassets */ = {isa = PBXFileReference; lastKnownFileType = folder.assetcatalog; path = Assets.xcassets; sourceTree = "<group>"; };
		446D47F01F7ED773002FF118 /* Base */ = {isa = PBXFileReference; lastKnownFileType = file.storyboard; name = Base; path = Base.lproj/LaunchScreen.storyboard; sourceTree = "<group>"; };
		446D47F21F7ED773002FF118 /* Info.plist */ = {isa = PBXFileReference; lastKnownFileType = text.plist.xml; path = Info.plist; sourceTree = "<group>"; };
/* End PBXFileReference section */

/* Begin PBXFrameworksBuildPhase section */
		446D47E01F7ED773002FF118 /* Frameworks */ = {
			isa = PBXFrameworksBuildPhase;
			buildActionMask = 2147483647;
			files = (
			);
			runOnlyForDeploymentPostprocessing = 0;
		};
/* End PBXFrameworksBuildPhase section */

/* Begin PBXGroup section */
		446D47DA1F7ED773002FF118 = {
			isa = PBXGroup;
			children = (
				446D47E51F7ED773002FF118 /* JamesDemo */,
				446D47E41F7ED773002FF118 /* Products */,
			);
			sourceTree = "<group>";
		};
		446D47E41F7ED773002FF118 /* Products */ = {
			isa = PBXGroup;
			children = (
				446D47E31F7ED773002FF118 /* JamesDemo.app */,
			);
			name = Products;
			sourceTree = "<group>";
		};
		446D47E51F7ED773002FF118 /* JamesDemo */ = {
			isa = PBXGroup;
			children = (
				446D47E61F7ED773002FF118 /* AppDelegate.swift */,
				446D47E81F7ED773002FF118 /* ViewController.swift */,
				446D47EA1F7ED773002FF118 /* Main.storyboard */,
				446D47ED1F7ED773002FF118 /* Assets.xcassets */,
				446D47EF1F7ED773002FF118 /* LaunchScreen.storyboard */,
				446D47F21F7ED773002FF118 /* Info.plist */,
			);
			path = JamesDemo;
			sourceTree = "<group>";
		};
/* End PBXGroup section */

/* Begin PBXNativeTarget section */
		446D47E21F7ED773002FF118 /* JamesDemo */ = {
			isa = PBXNativeTarget;
			buildConfigurationList = 446D47F51F7ED773002FF118 /* Build configuration list for PBXNativeTarget "JamesDemo" */;
			buildPhases = (
				446D47DF1F7ED773002FF118 /* Sources */,
				446D47E01F7ED773002FF118 /* Frameworks */,
				446D47E11F7ED773002FF118 /* Resources */,
			);
			buildRules = (
			);
			dependencies = (
			);
			name = JamesDemo;
			productName = JamesDemo;
			productReference = 446D47E31F7ED773002FF118 /* JamesDemo.app */;
			productType = "com.apple.product-type.application";
		};
/* End PBXNativeTarget section */

/* Begin PBXProject section */
		446D47DB1F7ED773002FF118 /* Project object */ = {
			isa = PBXProject;
			attributes = {
				LastSwiftUpdateCheck = 0830;
				LastUpgradeCheck = 0830;
				ORGANIZATIONNAME = Jayesh;
				TargetAttributes = {
					446D47E21F7ED773002FF118 = {
						CreatedOnToolsVersion = 8.3.1;
						DevelopmentTeam = GNGQYNCT7A;
						ProvisioningStyle = Manual;
					};
				};
			};
			buildConfigurationList = 446D47DE1F7ED773002FF118 /* Build configuration list for PBXProject "JamesDemo" */;
			compatibilityVersion = "Xcode 3.2";
			developmentRegion = English;
			hasScannedForEncodings = 0;
			knownRegions = (
				en,
				Base,
			);
			mainGroup = 446D47DA1F7ED773002FF118;
			productRefGroup = 446D47E41F7ED773002FF118 /* Products */;
			projectDirPath = "";
			projectRoot = "";
			targets = (
				446D47E21F7ED773002FF118 /* JamesDemo */,
			);
		};
/* End PBXProject section */

/* Begin PBXResourcesBuildPhase section */
		446D47E11F7ED773002FF118 /* Resources */ = {
			isa = PBXResourcesBuildPhase;
			buildActionMask = 2147483647;
			files = (
				446D47F11F7ED773002FF118 /* LaunchScreen.storyboard in Resources */,
				446D47EE1F7ED773002FF118 /* Assets.xcassets in Resources */,
				446D47EC1F7ED773002FF118 /* Main.storyboard in Resources */,
			);
			runOnlyForDeploymentPostprocessing = 0;
		};
/* End PBXResourcesBuildPhase section */

/* Begin PBXSourcesBuildPhase section */
		446D47DF1F7ED773002FF118 /* Sources */ = {
			isa = PBXSourcesBuildPhase;
			buildActionMask = 2147483647;
			files = (
				446D47E91F7ED773002FF118 /* ViewController.swift in Sources */,
				446D47E71F7ED773002FF118 /* AppDelegate.swift in Sources */,
			);
			runOnlyForDeploymentPostprocessing = 0;
		};
/* End PBXSourcesBuildPhase section */

/* Begin PBXVariantGroup section */
		446D47EA1F7ED773002FF118 /* Main.storyboard */ = {
			isa = PBXVariantGroup;
			children = (
				446D47EB1F7ED773002FF118 /* Base */,
			);
			name = Main.storyboard;
			sourceTree = "<group>";
		};
		446D47EF1F7ED773002FF118 /* LaunchScreen.storyboard */ = {
			isa = PBXVariantGroup;
			children = (
				446D47F01F7ED773002FF118 /* Base */,
			);
			name = LaunchScreen.storyboard;
			sourceTree = "<group>";
		};
/* End PBXVariantGroup section */

/* Begin XCBuildConfiguration section */
		446D47F31F7ED773002FF118 /* Debug */ = {
			isa = XCBuildConfiguration;
			buildSettings = {
				ALWAYS_SEARCH_USER_PATHS = NO;
				CLANG_ANALYZER_NONNULL = YES;
				CLANG_ANALYZER_NUMBER_OBJECT_CONVERSION = YES_AGGRESSIVE;
				CLANG_CXX_LANGUAGE_STANDARD = "gnu++0x";
				CLANG_CXX_LIBRARY = "libc++";
				CLANG_ENABLE_MODULES = YES;
				CLANG_ENABLE_OBJC_ARC = YES;
				CLANG_WARN_BOOL_CONVERSION = YES;
				CLANG_WARN_CONSTANT_CONVERSION = YES;
				CLANG_WARN_DIRECT_OBJC_ISA_USAGE = YES_ERROR;
				CLANG_WARN_DOCUMENTATION_COMMENTS = YES;
				CLANG_WARN_EMPTY_BODY = YES;
				CLANG_WARN_ENUM_CONVERSION = YES;
				CLANG_WARN_INFINITE_RECURSION = YES;
				CLANG_WARN_INT_CONVERSION = YES;
				CLANG_WARN_OBJC_ROOT_CLASS = YES_ERROR;
				CLANG_WARN_SUSPICIOUS_MOVE = YES;
				CLANG_WARN_UNREACHABLE_CODE = YES;
				CLANG_WARN__DUPLICATE_METHOD_MATCH = YES;
				"CODE_SIGN_IDENTITY[sdk=iphoneos*]" = "iPhone Developer";
				COPY_PHASE_STRIP = NO;
				DEBUG_INFORMATION_FORMAT = dwarf;
				ENABLE_STRICT_OBJC_MSGSEND = YES;
				ENABLE_TESTABILITY = YES;
				GCC_C_LANGUAGE_STANDARD = gnu99;
				GCC_DYNAMIC_NO_PIC = NO;
				GCC_NO_COMMON_BLOCKS = YES;
				GCC_OPTIMIZATION_LEVEL = 0;
				GCC_PREPROCESSOR_DEFINITIONS = (
					"DEBUG=1",
					"$(inherited)",
				);
				GCC_WARN_64_TO_32_BIT_CONVERSION = YES;
				GCC_WARN_ABOUT_RETURN_TYPE = YES_ERROR;
				GCC_WARN_UNDECLARED_SELECTOR = YES;
				GCC_WARN_UNINITIALIZED_AUTOS = YES_AGGRESSIVE;
				GCC_WARN_UNUSED_FUNCTION = YES;
				GCC_WARN_UNUSED_VARIABLE = YES;
				IPHONEOS_DEPLOYMENT_TARGET = 10.3;
				MTL_ENABLE_DEBUG_INFO = YES;
				ONLY_ACTIVE_ARCH = YES;
				SDKROOT = iphoneos;
				SWIFT_ACTIVE_COMPILATION_CONDITIONS = DEBUG;
				SWIFT_OPTIMIZATION_LEVEL = "-Onone";
				TARGETED_DEVICE_FAMILY = "1,2";
			};
			name = Debug;
		};
		446D47F41F7ED773002FF118 /* Release */ = {
			isa = XCBuildConfiguration;
			buildSettings = {
				ALWAYS_SEARCH_USER_PATHS = NO;
				CLANG_ANALYZER_NONNULL = YES;
				CLANG_ANALYZER_NUMBER_OBJECT_CONVERSION = YES_AGGRESSIVE;
				CLANG_CXX_LANGUAGE_STANDARD = "gnu++0x";
				CLANG_CXX_LIBRARY = "libc++";
				CLANG_ENABLE_MODULES = YES;
				CLANG_ENABLE_OBJC_ARC = YES;
				CLANG_WARN_BOOL_CONVERSION = YES;
				CLANG_WARN_CONSTANT_CONVERSION = YES;
				CLANG_WARN_DIRECT_OBJC_ISA_USAGE = YES_ERROR;
				CLANG_WARN_DOCUMENTATION_COMMENTS = YES;
				CLANG_WARN_EMPTY_BODY = YES;
				CLANG_WARN_ENUM_CONVERSION = YES;
				CLANG_WARN_INFINITE_RECURSION = YES;
				CLANG_WARN_INT_CONVERSION = YES;
				CLANG_WARN_OBJC_ROOT_CLASS = YES_ERROR;
				CLANG_WARN_SUSPICIOUS_MOVE = YES;
				CLANG_WARN_UNREACHABLE_CODE = YES;
				CLANG_WARN__DUPLICATE_METHOD_MATCH = YES;
				"CODE_SIGN_IDENTITY[sdk=iphoneos*]" = "iPhone Developer";
				COPY_PHASE_STRIP = NO;
				DEBUG_INFORMATION_FORMAT = "dwarf-with-dsym";
				ENABLE_NS_ASSERTIONS = NO;
				ENABLE_STRICT_OBJC_MSGSEND = YES;
				GCC_C_LANGUAGE_STANDARD = gnu99;
				GCC_NO_COMMON_BLOCKS = YES;
				GCC_WARN_64_TO_32_BIT_CONVERSION = YES;
				GCC_WARN_ABOUT_RETURN_TYPE = YES_ERROR;
				GCC_WARN_UNDECLARED_SELECTOR = YES;
				GCC_WARN_UNINITIALIZED_AUTOS = YES_AGGRESSIVE;
				GCC_WARN_UNUSED_FUNCTION = YES;
				GCC_WARN_UNUSED_VARIABLE = YES;
				IPHONEOS_DEPLOYMENT_TARGET = 10.3;
				MTL_ENABLE_DEBUG_INFO = NO;
				SDKROOT = iphoneos;
				SWIFT_OPTIMIZATION_LEVEL = "-Owholemodule";
				TARGETED_DEVICE_FAMILY = "1,2";
				VALIDATE_PRODUCT = YES;
			};
			name = Release;
		};
		446D47F61F7ED773002FF118 /* Debug */ = {
			isa = XCBuildConfiguration;
			buildSettings = {
				ASSETCATALOG_COMPILER_APPICON_NAME = AppIcon;
				DEVELOPMENT_TEAM = GNGQYNCT7A;
				INFOPLIST_FILE = JamesDemo/Info.plist;
				LD_RUNPATH_SEARCH_PATHS = "$(inherited) @executable_path/Frameworks";
				PRODUCT_BUNDLE_IDENTIFIER = com.grantsource.JamesDemo;
				PRODUCT_NAME = "$(TARGET_NAME)";
				PROVISIONING_PROFILE = "fb73d8cb-3f79-436b-b2b5-4bae26cf8377";
				PROVISIONING_PROFILE_SPECIFIER = GrantSource_WildCard;
				SWIFT_VERSION = 3.0;
			};
			name = Debug;
		};
		446D47F71F7ED773002FF118 /* Release */ = {
			isa = XCBuildConfiguration;
			buildSettings = {
				ASSETCATALOG_COMPILER_APPICON_NAME = AppIcon;
				DEVELOPMENT_TEAM = GNGQYNCT7A;
				INFOPLIST_FILE = JamesDemo/Info.plist;
				LD_RUNPATH_SEARCH_PATHS = "$(inherited) @executable_path/Frameworks";
				PRODUCT_BUNDLE_IDENTIFIER = com.grantsource.JamesDemo;
				PRODUCT_NAME = "$(TARGET_NAME)";
				PROVISIONING_PROFILE = "fb73d8cb-3f79-436b-b2b5-4bae26cf8377";
				PROVISIONING_PROFILE_SPECIFIER = GrantSource_WildCard;
				SWIFT_VERSION = 3.0;
			};
			name = Release;
		};
/* End XCBuildConfiguration section */

/* Begin XCConfigurationList section */
		446D47DE1F7ED773002FF118 /* Build configuration list for PBXProject "JamesDemo" */ = {
			isa = XCConfigurationList;
			buildConfigurations = (
				446D47F31F7ED773002FF118 /* Debug */,
				446D47F41F7ED773002FF118 /* Release */,
			);
			defaultConfigurationIsVisible = 0;
			defaultConfigurationName = Release;
		};
		446D47F51F7ED773002FF118 /* Build configuration list for PBXNativeTarget "JamesDemo" */ = {
			isa = XCConfigurationList;
			buildConfigurations = (
				446D47F61F7ED773002FF118 /* Debug */,
				446D47F71F7ED773002FF118 /* Release */,
			);
			defaultConfigurationIsVisible = 0;
		};
/* End XCConfigurationList section */
	};
	rootObject = 446D47DB1F7ED773002FF118 /* Project object */;
}
